PODS:
  - PJPresentation (0.1.5)

DEPENDENCIES:
  - PJPresentation (from `../../PJPresentation`)

EXTERNAL SOURCES:
  PJPresentation:
    :path: "../../PJPresentation"

SPEC CHECKSUMS:
  PJPresentation: ebed37eb086a8ac61bb5d253953a1ea991080c2b

PODFILE CHECKSUM: 4cd79f448bd185822cb9415f5d96473292cb4138

COCOAPODS: 1.12.1
