PODS:
  - PJPresentation (1.0.0)

DEPENDENCIES:
  - PJPresentation (from `../../PJPresentation`)

EXTERNAL SOURCES:
  PJPresentation:
    :path: "../../PJPresentation"

SPEC CHECKSUMS:
  PJPresentation: 77022b884c3cb179f16b6924237f8d83b3c424d5

PODFILE CHECKSUM: 1c77f622da70b02890e6ed5d20898915227886ed

COCOAPODS: 1.12.1
