PODS:
  - PJPresentation (0.1.7)

DEPENDENCIES:
  - PJPresentation (from `../../PJPresentation`)

EXTERNAL SOURCES:
  PJPresentation:
    :path: "../../PJPresentation"

SPEC CHECKSUMS:
  PJPresentation: 01075829460fb1780204da30c6bb16659bb49634

PODFILE CHECKSUM: 4cd79f448bd185822cb9415f5d96473292cb4138

COCOAPODS: 1.12.1
