// !$*UTF8*$!
{
	archiveVersion = 1;
	classes = {
	};
	objectVersion = 50;
	objects = {

/* Begin PBXBuildFile section */
		760BD5592092AC1E003E8E8A /* AppDelegate.swift in Sources */ = {isa = PBXBuildFile; fileRef = 760BD5582092AC1E003E8E8A /* AppDelegate.swift */; };
		760BD55B2092AC1E003E8E8A /* ViewController.swift in Sources */ = {isa = PBXBuildFile; fileRef = 760BD55A2092AC1E003E8E8A /* ViewController.swift */; };
		760BD55E2092AC1E003E8E8A /* Main.storyboard in Resources */ = {isa = PBXBuildFile; fileRef = 760BD55C2092AC1E003E8E8A /* Main.storyboard */; };
		760BD5602092AC1E003E8E8A /* Assets.xcassets in Resources */ = {isa = PBXBuildFile; fileRef = 760BD55F2092AC1E003E8E8A /* Assets.xcassets */; };
		760BD5632092AC1E003E8E8A /* LaunchScreen.storyboard in Resources */ = {isa = PBXBuildFile; fileRef = 760BD5612092AC1E003E8E8A /* LaunchScreen.storyboard */; };
		760BD56E2092AC1E003E8E8A /* PJPresentationTests.swift in Sources */ = {isa = PBXBuildFile; fileRef = 760BD56D2092AC1E003E8E8A /* PJPresentationTests.swift */; };
		760BD5792092AC1E003E8E8A /* PJPresentationUITests.swift in Sources */ = {isa = PBXBuildFile; fileRef = 760BD5782092AC1E003E8E8A /* PJPresentationUITests.swift */; };
		76C42C0121E6CDAE00BDF424 /* PJPresentationControllerManager.swift in Sources */ = {isa = PBXBuildFile; fileRef = 76C42BFB21E6CDAE00BDF424 /* PJPresentationControllerManager.swift */; };
		76C42C0221E6CDAE00BDF424 /* PJDismissAnimator.swift in Sources */ = {isa = PBXBuildFile; fileRef = 76C42BFC21E6CDAE00BDF424 /* PJDismissAnimator.swift */; };
		76C42C0321E6CDAE00BDF424 /* PJPresentationController.swift in Sources */ = {isa = PBXBuildFile; fileRef = 76C42BFD21E6CDAE00BDF424 /* PJPresentationController.swift */; };
		76C42C0421E6CDAE00BDF424 /* PJPresentationOptions.swift in Sources */ = {isa = PBXBuildFile; fileRef = 76C42BFE21E6CDAE00BDF424 /* PJPresentationOptions.swift */; };
		76C42C0521E6CDAE00BDF424 /* PJPresentationAnimator.swift in Sources */ = {isa = PBXBuildFile; fileRef = 76C42BFF21E6CDAE00BDF424 /* PJPresentationAnimator.swift */; };
		76C42C0621E6CDAE00BDF424 /* PJPresentationViewController.swift in Sources */ = {isa = PBXBuildFile; fileRef = 76C42C0021E6CDAE00BDF424 /* PJPresentationViewController.swift */; };
/* End PBXBuildFile section */

/* Begin PBXContainerItemProxy section */
		760BD56A2092AC1E003E8E8A /* PBXContainerItemProxy */ = {
			isa = PBXContainerItemProxy;
			containerPortal = 760BD54D2092AC1D003E8E8A /* Project object */;
			proxyType = 1;
			remoteGlobalIDString = 760BD5542092AC1D003E8E8A;
			remoteInfo = PJPresentation;
		};
		760BD5752092AC1E003E8E8A /* PBXContainerItemProxy */ = {
			isa = PBXContainerItemProxy;
			containerPortal = 760BD54D2092AC1D003E8E8A /* Project object */;
			proxyType = 1;
			remoteGlobalIDString = 760BD5542092AC1D003E8E8A;
			remoteInfo = PJPresentation;
		};
/* End PBXContainerItemProxy section */

/* Begin PBXFileReference section */
		760BD5552092AC1D003E8E8A /* PJPresentation.app */ = {isa = PBXFileReference; explicitFileType = wrapper.application; includeInIndex = 0; path = PJPresentation.app; sourceTree = BUILT_PRODUCTS_DIR; };
		760BD5582092AC1E003E8E8A /* AppDelegate.swift */ = {isa = PBXFileReference; lastKnownFileType = sourcecode.swift; path = AppDelegate.swift; sourceTree = "<group>"; };
		760BD55A2092AC1E003E8E8A /* ViewController.swift */ = {isa = PBXFileReference; lastKnownFileType = sourcecode.swift; path = ViewController.swift; sourceTree = "<group>"; };
		760BD55D2092AC1E003E8E8A /* Base */ = {isa = PBXFileReference; lastKnownFileType = file.storyboard; name = Base; path = Base.lproj/Main.storyboard; sourceTree = "<group>"; };
		760BD55F2092AC1E003E8E8A /* Assets.xcassets */ = {isa = PBXFileReference; lastKnownFileType = folder.assetcatalog; path = Assets.xcassets; sourceTree = "<group>"; };
		760BD5622092AC1E003E8E8A /* Base */ = {isa = PBXFileReference; lastKnownFileType = file.storyboard; name = Base; path = Base.lproj/LaunchScreen.storyboard; sourceTree = "<group>"; };
		760BD5642092AC1E003E8E8A /* Info.plist */ = {isa = PBXFileReference; lastKnownFileType = text.plist.xml; path = Info.plist; sourceTree = "<group>"; };
		760BD5692092AC1E003E8E8A /* PJPresentationTests.xctest */ = {isa = PBXFileReference; explicitFileType = wrapper.cfbundle; includeInIndex = 0; path = PJPresentationTests.xctest; sourceTree = BUILT_PRODUCTS_DIR; };
		760BD56D2092AC1E003E8E8A /* PJPresentationTests.swift */ = {isa = PBXFileReference; lastKnownFileType = sourcecode.swift; path = PJPresentationTests.swift; sourceTree = "<group>"; };
		760BD56F2092AC1E003E8E8A /* Info.plist */ = {isa = PBXFileReference; lastKnownFileType = text.plist.xml; path = Info.plist; sourceTree = "<group>"; };
		760BD5742092AC1E003E8E8A /* PJPresentationUITests.xctest */ = {isa = PBXFileReference; explicitFileType = wrapper.cfbundle; includeInIndex = 0; path = PJPresentationUITests.xctest; sourceTree = BUILT_PRODUCTS_DIR; };
		760BD5782092AC1E003E8E8A /* PJPresentationUITests.swift */ = {isa = PBXFileReference; lastKnownFileType = sourcecode.swift; path = PJPresentationUITests.swift; sourceTree = "<group>"; };
		760BD57A2092AC1E003E8E8A /* Info.plist */ = {isa = PBXFileReference; lastKnownFileType = text.plist.xml; path = Info.plist; sourceTree = "<group>"; };
		76C42BFB21E6CDAE00BDF424 /* PJPresentationControllerManager.swift */ = {isa = PBXFileReference; fileEncoding = 4; lastKnownFileType = sourcecode.swift; path = PJPresentationControllerManager.swift; sourceTree = "<group>"; };
		76C42BFC21E6CDAE00BDF424 /* PJDismissAnimator.swift */ = {isa = PBXFileReference; fileEncoding = 4; lastKnownFileType = sourcecode.swift; path = PJDismissAnimator.swift; sourceTree = "<group>"; };
		76C42BFD21E6CDAE00BDF424 /* PJPresentationController.swift */ = {isa = PBXFileReference; fileEncoding = 4; lastKnownFileType = sourcecode.swift; path = PJPresentationController.swift; sourceTree = "<group>"; };
		76C42BFE21E6CDAE00BDF424 /* PJPresentationOptions.swift */ = {isa = PBXFileReference; fileEncoding = 4; lastKnownFileType = sourcecode.swift; path = PJPresentationOptions.swift; sourceTree = "<group>"; };
		76C42BFF21E6CDAE00BDF424 /* PJPresentationAnimator.swift */ = {isa = PBXFileReference; fileEncoding = 4; lastKnownFileType = sourcecode.swift; path = PJPresentationAnimator.swift; sourceTree = "<group>"; };
		76C42C0021E6CDAE00BDF424 /* PJPresentationViewController.swift */ = {isa = PBXFileReference; fileEncoding = 4; lastKnownFileType = sourcecode.swift; path = PJPresentationViewController.swift; sourceTree = "<group>"; };
/* End PBXFileReference section */

/* Begin PBXFrameworksBuildPhase section */
		760BD5522092AC1D003E8E8A /* Frameworks */ = {
			isa = PBXFrameworksBuildPhase;
			buildActionMask = 2147483647;
			files = (
			);
			runOnlyForDeploymentPostprocessing = 0;
		};
		760BD5662092AC1E003E8E8A /* Frameworks */ = {
			isa = PBXFrameworksBuildPhase;
			buildActionMask = 2147483647;
			files = (
			);
			runOnlyForDeploymentPostprocessing = 0;
		};
		760BD5712092AC1E003E8E8A /* Frameworks */ = {
			isa = PBXFrameworksBuildPhase;
			buildActionMask = 2147483647;
			files = (
			);
			runOnlyForDeploymentPostprocessing = 0;
		};
/* End PBXFrameworksBuildPhase section */

/* Begin PBXGroup section */
		760BD54C2092AC1D003E8E8A = {
			isa = PBXGroup;
			children = (
				76C42BFA21E6CDAE00BDF424 /* PJPresentation */,
				760BD5572092AC1D003E8E8A /* PJPresentationExample */,
				760BD56C2092AC1E003E8E8A /* PJPresentationTests */,
				760BD5772092AC1E003E8E8A /* PJPresentationUITests */,
				760BD5562092AC1D003E8E8A /* Products */,
			);
			sourceTree = "<group>";
		};
		760BD5562092AC1D003E8E8A /* Products */ = {
			isa = PBXGroup;
			children = (
				760BD5552092AC1D003E8E8A /* PJPresentation.app */,
				760BD5692092AC1E003E8E8A /* PJPresentationTests.xctest */,
				760BD5742092AC1E003E8E8A /* PJPresentationUITests.xctest */,
			);
			name = Products;
			sourceTree = "<group>";
		};
		760BD5572092AC1D003E8E8A /* PJPresentationExample */ = {
			isa = PBXGroup;
			children = (
				760BD5582092AC1E003E8E8A /* AppDelegate.swift */,
				760BD55A2092AC1E003E8E8A /* ViewController.swift */,
				760BD55C2092AC1E003E8E8A /* Main.storyboard */,
				760BD55F2092AC1E003E8E8A /* Assets.xcassets */,
				760BD5612092AC1E003E8E8A /* LaunchScreen.storyboard */,
				760BD5642092AC1E003E8E8A /* Info.plist */,
			);
			path = PJPresentationExample;
			sourceTree = "<group>";
		};
		760BD56C2092AC1E003E8E8A /* PJPresentationTests */ = {
			isa = PBXGroup;
			children = (
				760BD56D2092AC1E003E8E8A /* PJPresentationTests.swift */,
				760BD56F2092AC1E003E8E8A /* Info.plist */,
			);
			path = PJPresentationTests;
			sourceTree = "<group>";
		};
		760BD5772092AC1E003E8E8A /* PJPresentationUITests */ = {
			isa = PBXGroup;
			children = (
				760BD5782092AC1E003E8E8A /* PJPresentationUITests.swift */,
				760BD57A2092AC1E003E8E8A /* Info.plist */,
			);
			path = PJPresentationUITests;
			sourceTree = "<group>";
		};
		76C42BFA21E6CDAE00BDF424 /* PJPresentation */ = {
			isa = PBXGroup;
			children = (
				76C42BFB21E6CDAE00BDF424 /* PJPresentationControllerManager.swift */,
				76C42BFC21E6CDAE00BDF424 /* PJDismissAnimator.swift */,
				76C42BFD21E6CDAE00BDF424 /* PJPresentationController.swift */,
				76C42BFE21E6CDAE00BDF424 /* PJPresentationOptions.swift */,
				76C42BFF21E6CDAE00BDF424 /* PJPresentationAnimator.swift */,
				76C42C0021E6CDAE00BDF424 /* PJPresentationViewController.swift */,
			);
			path = PJPresentation;
			sourceTree = "<group>";
		};
/* End PBXGroup section */

/* Begin PBXNativeTarget section */
		760BD5542092AC1D003E8E8A /* PJPresentation */ = {
			isa = PBXNativeTarget;
			buildConfigurationList = 760BD57D2092AC1E003E8E8A /* Build configuration list for PBXNativeTarget "PJPresentation" */;
			buildPhases = (
				760BD5512092AC1D003E8E8A /* Sources */,
				760BD5522092AC1D003E8E8A /* Frameworks */,
				760BD5532092AC1D003E8E8A /* Resources */,
			);
			buildRules = (
			);
			dependencies = (
			);
			name = PJPresentation;
			productName = PJPresentation;
			productReference = 760BD5552092AC1D003E8E8A /* PJPresentation.app */;
			productType = "com.apple.product-type.application";
		};
		760BD5682092AC1E003E8E8A /* PJPresentationTests */ = {
			isa = PBXNativeTarget;
			buildConfigurationList = 760BD5802092AC1E003E8E8A /* Build configuration list for PBXNativeTarget "PJPresentationTests" */;
			buildPhases = (
				760BD5652092AC1E003E8E8A /* Sources */,
				760BD5662092AC1E003E8E8A /* Frameworks */,
				760BD5672092AC1E003E8E8A /* Resources */,
			);
			buildRules = (
			);
			dependencies = (
				760BD56B2092AC1E003E8E8A /* PBXTargetDependency */,
			);
			name = PJPresentationTests;
			productName = PJPresentationTests;
			productReference = 760BD5692092AC1E003E8E8A /* PJPresentationTests.xctest */;
			productType = "com.apple.product-type.bundle.unit-test";
		};
		760BD5732092AC1E003E8E8A /* PJPresentationUITests */ = {
			isa = PBXNativeTarget;
			buildConfigurationList = 760BD5832092AC1E003E8E8A /* Build configuration list for PBXNativeTarget "PJPresentationUITests" */;
			buildPhases = (
				760BD5702092AC1E003E8E8A /* Sources */,
				760BD5712092AC1E003E8E8A /* Frameworks */,
				760BD5722092AC1E003E8E8A /* Resources */,
			);
			buildRules = (
			);
			dependencies = (
				760BD5762092AC1E003E8E8A /* PBXTargetDependency */,
			);
			name = PJPresentationUITests;
			productName = PJPresentationUITests;
			productReference = 760BD5742092AC1E003E8E8A /* PJPresentationUITests.xctest */;
			productType = "com.apple.product-type.bundle.ui-testing";
		};
/* End PBXNativeTarget section */

/* Begin PBXProject section */
		760BD54D2092AC1D003E8E8A /* Project object */ = {
			isa = PBXProject;
			attributes = {
				LastSwiftUpdateCheck = 0930;
				LastUpgradeCheck = 0930;
				ORGANIZATIONNAME = piaojin;
				TargetAttributes = {
					760BD5542092AC1D003E8E8A = {
						CreatedOnToolsVersion = 9.3;
						LastSwiftMigration = 1010;
					};
					760BD5682092AC1E003E8E8A = {
						CreatedOnToolsVersion = 9.3;
						LastSwiftMigration = 1010;
						TestTargetID = 760BD5542092AC1D003E8E8A;
					};
					760BD5732092AC1E003E8E8A = {
						CreatedOnToolsVersion = 9.3;
						LastSwiftMigration = 1010;
						TestTargetID = 760BD5542092AC1D003E8E8A;
					};
				};
			};
			buildConfigurationList = 760BD5502092AC1D003E8E8A /* Build configuration list for PBXProject "PJPresentation" */;
			compatibilityVersion = "Xcode 9.3";
			developmentRegion = en;
			hasScannedForEncodings = 0;
			knownRegions = (
				en,
				Base,
			);
			mainGroup = 760BD54C2092AC1D003E8E8A;
			productRefGroup = 760BD5562092AC1D003E8E8A /* Products */;
			projectDirPath = "";
			projectRoot = "";
			targets = (
				760BD5542092AC1D003E8E8A /* PJPresentation */,
				760BD5682092AC1E003E8E8A /* PJPresentationTests */,
				760BD5732092AC1E003E8E8A /* PJPresentationUITests */,
			);
		};
/* End PBXProject section */

/* Begin PBXResourcesBuildPhase section */
		760BD5532092AC1D003E8E8A /* Resources */ = {
			isa = PBXResourcesBuildPhase;
			buildActionMask = 2147483647;
			files = (
				760BD5632092AC1E003E8E8A /* LaunchScreen.storyboard in Resources */,
				760BD5602092AC1E003E8E8A /* Assets.xcassets in Resources */,
				760BD55E2092AC1E003E8E8A /* Main.storyboard in Resources */,
			);
			runOnlyForDeploymentPostprocessing = 0;
		};
		760BD5672092AC1E003E8E8A /* Resources */ = {
			isa = PBXResourcesBuildPhase;
			buildActionMask = 2147483647;
			files = (
			);
			runOnlyForDeploymentPostprocessing = 0;
		};
		760BD5722092AC1E003E8E8A /* Resources */ = {
			isa = PBXResourcesBuildPhase;
			buildActionMask = 2147483647;
			files = (
			);
			runOnlyForDeploymentPostprocessing = 0;
		};
/* End PBXResourcesBuildPhase section */

/* Begin PBXSourcesBuildPhase section */
		760BD5512092AC1D003E8E8A /* Sources */ = {
			isa = PBXSourcesBuildPhase;
			buildActionMask = 2147483647;
			files = (
				76C42C0421E6CDAE00BDF424 /* PJPresentationOptions.swift in Sources */,
				76C42C0121E6CDAE00BDF424 /* PJPresentationControllerManager.swift in Sources */,
				76C42C0621E6CDAE00BDF424 /* PJPresentationViewController.swift in Sources */,
				760BD55B2092AC1E003E8E8A /* ViewController.swift in Sources */,
				76C42C0521E6CDAE00BDF424 /* PJPresentationAnimator.swift in Sources */,
				76C42C0321E6CDAE00BDF424 /* PJPresentationController.swift in Sources */,
				760BD5592092AC1E003E8E8A /* AppDelegate.swift in Sources */,
				76C42C0221E6CDAE00BDF424 /* PJDismissAnimator.swift in Sources */,
			);
			runOnlyForDeploymentPostprocessing = 0;
		};
		760BD5652092AC1E003E8E8A /* Sources */ = {
			isa = PBXSourcesBuildPhase;
			buildActionMask = 2147483647;
			files = (
				760BD56E2092AC1E003E8E8A /* PJPresentationTests.swift in Sources */,
			);
			runOnlyForDeploymentPostprocessing = 0;
		};
		760BD5702092AC1E003E8E8A /* Sources */ = {
			isa = PBXSourcesBuildPhase;
			buildActionMask = 2147483647;
			files = (
				760BD5792092AC1E003E8E8A /* PJPresentationUITests.swift in Sources */,
			);
			runOnlyForDeploymentPostprocessing = 0;
		};
/* End PBXSourcesBuildPhase section */

/* Begin PBXTargetDependency section */
		760BD56B2092AC1E003E8E8A /* PBXTargetDependency */ = {
			isa = PBXTargetDependency;
			target = 760BD5542092AC1D003E8E8A /* PJPresentation */;
			targetProxy = 760BD56A2092AC1E003E8E8A /* PBXContainerItemProxy */;
		};
		760BD5762092AC1E003E8E8A /* PBXTargetDependency */ = {
			isa = PBXTargetDependency;
			target = 760BD5542092AC1D003E8E8A /* PJPresentation */;
			targetProxy = 760BD5752092AC1E003E8E8A /* PBXContainerItemProxy */;
		};
/* End PBXTargetDependency section */

/* Begin PBXVariantGroup section */
		760BD55C2092AC1E003E8E8A /* Main.storyboard */ = {
			isa = PBXVariantGroup;
			children = (
				760BD55D2092AC1E003E8E8A /* Base */,
			);
			name = Main.storyboard;
			sourceTree = "<group>";
		};
		760BD5612092AC1E003E8E8A /* LaunchScreen.storyboard */ = {
			isa = PBXVariantGroup;
			children = (
				760BD5622092AC1E003E8E8A /* Base */,
			);
			name = LaunchScreen.storyboard;
			sourceTree = "<group>";
		};
/* End PBXVariantGroup section */

/* Begin XCBuildConfiguration section */
		760BD57B2092AC1E003E8E8A /* Debug */ = {
			isa = XCBuildConfiguration;
			buildSettings = {
				ALWAYS_SEARCH_USER_PATHS = NO;
				CLANG_ANALYZER_NONNULL = YES;
				CLANG_ANALYZER_NUMBER_OBJECT_CONVERSION = YES_AGGRESSIVE;
				CLANG_CXX_LANGUAGE_STANDARD = "gnu++14";
				CLANG_CXX_LIBRARY = "libc++";
				CLANG_ENABLE_MODULES = YES;
				CLANG_ENABLE_OBJC_ARC = YES;
				CLANG_ENABLE_OBJC_WEAK = YES;
				CLANG_WARN_BLOCK_CAPTURE_AUTORELEASING = YES;
				CLANG_WARN_BOOL_CONVERSION = YES;
				CLANG_WARN_COMMA = YES;
				CLANG_WARN_CONSTANT_CONVERSION = YES;
				CLANG_WARN_DEPRECATED_OBJC_IMPLEMENTATIONS = YES;
				CLANG_WARN_DIRECT_OBJC_ISA_USAGE = YES_ERROR;
				CLANG_WARN_DOCUMENTATION_COMMENTS = YES;
				CLANG_WARN_EMPTY_BODY = YES;
				CLANG_WARN_ENUM_CONVERSION = YES;
				CLANG_WARN_INFINITE_RECURSION = YES;
				CLANG_WARN_INT_CONVERSION = YES;
				CLANG_WARN_NON_LITERAL_NULL_CONVERSION = YES;
				CLANG_WARN_OBJC_IMPLICIT_RETAIN_SELF = YES;
				CLANG_WARN_OBJC_LITERAL_CONVERSION = YES;
				CLANG_WARN_OBJC_ROOT_CLASS = YES_ERROR;
				CLANG_WARN_RANGE_LOOP_ANALYSIS = YES;
				CLANG_WARN_STRICT_PROTOTYPES = YES;
				CLANG_WARN_SUSPICIOUS_MOVE = YES;
				CLANG_WARN_UNGUARDED_AVAILABILITY = YES_AGGRESSIVE;
				CLANG_WARN_UNREACHABLE_CODE = YES;
				CLANG_WARN__DUPLICATE_METHOD_MATCH = YES;
				CODE_SIGN_IDENTITY = "iPhone Developer";
				COPY_PHASE_STRIP = NO;
				DEBUG_INFORMATION_FORMAT = dwarf;
				ENABLE_STRICT_OBJC_MSGSEND = YES;
				ENABLE_TESTABILITY = YES;
				GCC_C_LANGUAGE_STANDARD = gnu11;
				GCC_DYNAMIC_NO_PIC = NO;
				GCC_NO_COMMON_BLOCKS = YES;
				GCC_OPTIMIZATION_LEVEL = 0;
				GCC_PREPROCESSOR_DEFINITIONS = (
					"DEBUG=1",
					"$(inherited)",
				);
				GCC_WARN_64_TO_32_BIT_CONVERSION = YES;
				GCC_WARN_ABOUT_RETURN_TYPE = YES_ERROR;
				GCC_WARN_UNDECLARED_SELECTOR = YES;
				GCC_WARN_UNINITIALIZED_AUTOS = YES_AGGRESSIVE;
				GCC_WARN_UNUSED_FUNCTION = YES;
				GCC_WARN_UNUSED_VARIABLE = YES;
				IPHONEOS_DEPLOYMENT_TARGET = 11.3;
				MTL_ENABLE_DEBUG_INFO = YES;
				ONLY_ACTIVE_ARCH = YES;
				SDKROOT = iphoneos;
				SWIFT_ACTIVE_COMPILATION_CONDITIONS = DEBUG;
				SWIFT_OPTIMIZATION_LEVEL = "-Onone";
			};
			name = Debug;
		};
		760BD57C2092AC1E003E8E8A /* Release */ = {
			isa = XCBuildConfiguration;
			buildSettings = {
				ALWAYS_SEARCH_USER_PATHS = NO;
				CLANG_ANALYZER_NONNULL = YES;
				CLANG_ANALYZER_NUMBER_OBJECT_CONVERSION = YES_AGGRESSIVE;
				CLANG_CXX_LANGUAGE_STANDARD = "gnu++14";
				CLANG_CXX_LIBRARY = "libc++";
				CLANG_ENABLE_MODULES = YES;
				CLANG_ENABLE_OBJC_ARC = YES;
				CLANG_ENABLE_OBJC_WEAK = YES;
				CLANG_WARN_BLOCK_CAPTURE_AUTORELEASING = YES;
				CLANG_WARN_BOOL_CONVERSION = YES;
				CLANG_WARN_COMMA = YES;
				CLANG_WARN_CONSTANT_CONVERSION = YES;
				CLANG_WARN_DEPRECATED_OBJC_IMPLEMENTATIONS = YES;
				CLANG_WARN_DIRECT_OBJC_ISA_USAGE = YES_ERROR;
				CLANG_WARN_DOCUMENTATION_COMMENTS = YES;
				CLANG_WARN_EMPTY_BODY = YES;
				CLANG_WARN_ENUM_CONVERSION = YES;
				CLANG_WARN_INFINITE_RECURSION = YES;
				CLANG_WARN_INT_CONVERSION = YES;
				CLANG_WARN_NON_LITERAL_NULL_CONVERSION = YES;
				CLANG_WARN_OBJC_IMPLICIT_RETAIN_SELF = YES;
				CLANG_WARN_OBJC_LITERAL_CONVERSION = YES;
				CLANG_WARN_OBJC_ROOT_CLASS = YES_ERROR;
				CLANG_WARN_RANGE_LOOP_ANALYSIS = YES;
				CLANG_WARN_STRICT_PROTOTYPES = YES;
				CLANG_WARN_SUSPICIOUS_MOVE = YES;
				CLANG_WARN_UNGUARDED_AVAILABILITY = YES_AGGRESSIVE;
				CLANG_WARN_UNREACHABLE_CODE = YES;
				CLANG_WARN__DUPLICATE_METHOD_MATCH = YES;
				CODE_SIGN_IDENTITY = "iPhone Developer";
				COPY_PHASE_STRIP = NO;
				DEBUG_INFORMATION_FORMAT = "dwarf-with-dsym";
				ENABLE_NS_ASSERTIONS = NO;
				ENABLE_STRICT_OBJC_MSGSEND = YES;
				GCC_C_LANGUAGE_STANDARD = gnu11;
				GCC_NO_COMMON_BLOCKS = YES;
				GCC_WARN_64_TO_32_BIT_CONVERSION = YES;
				GCC_WARN_ABOUT_RETURN_TYPE = YES_ERROR;
				GCC_WARN_UNDECLARED_SELECTOR = YES;
				GCC_WARN_UNINITIALIZED_AUTOS = YES_AGGRESSIVE;
				GCC_WARN_UNUSED_FUNCTION = YES;
				GCC_WARN_UNUSED_VARIABLE = YES;
				IPHONEOS_DEPLOYMENT_TARGET = 11.3;
				MTL_ENABLE_DEBUG_INFO = NO;
				SDKROOT = iphoneos;
				SWIFT_COMPILATION_MODE = wholemodule;
				SWIFT_OPTIMIZATION_LEVEL = "-O";
				VALIDATE_PRODUCT = YES;
			};
			name = Release;
		};
		760BD57E2092AC1E003E8E8A /* Debug */ = {
			isa = XCBuildConfiguration;
			buildSettings = {
				ASSETCATALOG_COMPILER_APPICON_NAME = AppIcon;
				CODE_SIGN_STYLE = Automatic;
				INFOPLIST_FILE = PJPresentationExample/Info.plist;
				IPHONEOS_DEPLOYMENT_TARGET = 10.0;
				LD_RUNPATH_SEARCH_PATHS = (
					"$(inherited)",
					"@executable_path/Frameworks",
				);
				PRODUCT_BUNDLE_IDENTIFIER = com.piaojin.PJPresentation;
				PRODUCT_NAME = "$(TARGET_NAME)";
				SWIFT_VERSION = 4.2;
				TARGETED_DEVICE_FAMILY = "1,2";
			};
			name = Debug;
		};
		760BD57F2092AC1E003E8E8A /* Release */ = {
			isa = XCBuildConfiguration;
			buildSettings = {
				ASSETCATALOG_COMPILER_APPICON_NAME = AppIcon;
				CODE_SIGN_STYLE = Automatic;
				INFOPLIST_FILE = PJPresentationExample/Info.plist;
				IPHONEOS_DEPLOYMENT_TARGET = 10.0;
				LD_RUNPATH_SEARCH_PATHS = (
					"$(inherited)",
					"@executable_path/Frameworks",
				);
				PRODUCT_BUNDLE_IDENTIFIER = com.piaojin.PJPresentation;
				PRODUCT_NAME = "$(TARGET_NAME)";
				SWIFT_VERSION = 4.2;
				TARGETED_DEVICE_FAMILY = "1,2";
			};
			name = Release;
		};
		760BD5812092AC1E003E8E8A /* Debug */ = {
			isa = XCBuildConfiguration;
			buildSettings = {
				ALWAYS_EMBED_SWIFT_STANDARD_LIBRARIES = YES;
				BUNDLE_LOADER = "$(TEST_HOST)";
				CODE_SIGN_STYLE = Automatic;
				INFOPLIST_FILE = PJPresentationTests/Info.plist;
				LD_RUNPATH_SEARCH_PATHS = (
					"$(inherited)",
					"@executable_path/Frameworks",
					"@loader_path/Frameworks",
				);
				PRODUCT_BUNDLE_IDENTIFIER = com.piaojin.PJPresentationTests;
				PRODUCT_NAME = "$(TARGET_NAME)";
				SWIFT_VERSION = 4.2;
				TARGETED_DEVICE_FAMILY = "1,2";
				TEST_HOST = "$(BUILT_PRODUCTS_DIR)/PJPresentation.app/PJPresentation";
			};
			name = Debug;
		};
		760BD5822092AC1E003E8E8A /* Release */ = {
			isa = XCBuildConfiguration;
			buildSettings = {
				ALWAYS_EMBED_SWIFT_STANDARD_LIBRARIES = YES;
				BUNDLE_LOADER = "$(TEST_HOST)";
				CODE_SIGN_STYLE = Automatic;
				INFOPLIST_FILE = PJPresentationTests/Info.plist;
				LD_RUNPATH_SEARCH_PATHS = (
					"$(inherited)",
					"@executable_path/Frameworks",
					"@loader_path/Frameworks",
				);
				PRODUCT_BUNDLE_IDENTIFIER = com.piaojin.PJPresentationTests;
				PRODUCT_NAME = "$(TARGET_NAME)";
				SWIFT_VERSION = 4.2;
				TARGETED_DEVICE_FAMILY = "1,2";
				TEST_HOST = "$(BUILT_PRODUCTS_DIR)/PJPresentation.app/PJPresentation";
			};
			name = Release;
		};
		760BD5842092AC1E003E8E8A /* Debug */ = {
			isa = XCBuildConfiguration;
			buildSettings = {
				ALWAYS_EMBED_SWIFT_STANDARD_LIBRARIES = YES;
				CODE_SIGN_STYLE = Automatic;
				INFOPLIST_FILE = PJPresentationUITests/Info.plist;
				LD_RUNPATH_SEARCH_PATHS = (
					"$(inherited)",
					"@executable_path/Frameworks",
					"@loader_path/Frameworks",
				);
				PRODUCT_BUNDLE_IDENTIFIER = com.piaojin.PJPresentationUITests;
				PRODUCT_NAME = "$(TARGET_NAME)";
				SWIFT_VERSION = 4.2;
				TARGETED_DEVICE_FAMILY = "1,2";
				TEST_TARGET_NAME = PJPresentation;
			};
			name = Debug;
		};
		760BD5852092AC1E003E8E8A /* Release */ = {
			isa = XCBuildConfiguration;
			buildSettings = {
				ALWAYS_EMBED_SWIFT_STANDARD_LIBRARIES = YES;
				CODE_SIGN_STYLE = Automatic;
				INFOPLIST_FILE = PJPresentationUITests/Info.plist;
				LD_RUNPATH_SEARCH_PATHS = (
					"$(inherited)",
					"@executable_path/Frameworks",
					"@loader_path/Frameworks",
				);
				PRODUCT_BUNDLE_IDENTIFIER = com.piaojin.PJPresentationUITests;
				PRODUCT_NAME = "$(TARGET_NAME)";
				SWIFT_VERSION = 4.2;
				TARGETED_DEVICE_FAMILY = "1,2";
				TEST_TARGET_NAME = PJPresentation;
			};
			name = Release;
		};
/* End XCBuildConfiguration section */

/* Begin XCConfigurationList section */
		760BD5502092AC1D003E8E8A /* Build configuration list for PBXProject "PJPresentation" */ = {
			isa = XCConfigurationList;
			buildConfigurations = (
				760BD57B2092AC1E003E8E8A /* Debug */,
				760BD57C2092AC1E003E8E8A /* Release */,
			);
			defaultConfigurationIsVisible = 0;
			defaultConfigurationName = Release;
		};
		760BD57D2092AC1E003E8E8A /* Build configuration list for PBXNativeTarget "PJPresentation" */ = {
			isa = XCConfigurationList;
			buildConfigurations = (
				760BD57E2092AC1E003E8E8A /* Debug */,
				760BD57F2092AC1E003E8E8A /* Release */,
			);
			defaultConfigurationIsVisible = 0;
			defaultConfigurationName = Release;
		};
		760BD5802092AC1E003E8E8A /* Build configuration list for PBXNativeTarget "PJPresentationTests" */ = {
			isa = XCConfigurationList;
			buildConfigurations = (
				760BD5812092AC1E003E8E8A /* Debug */,
				760BD5822092AC1E003E8E8A /* Release */,
			);
			defaultConfigurationIsVisible = 0;
			defaultConfigurationName = Release;
		};
		760BD5832092AC1E003E8E8A /* Build configuration list for PBXNativeTarget "PJPresentationUITests" */ = {
			isa = XCConfigurationList;
			buildConfigurations = (
				760BD5842092AC1E003E8E8A /* Debug */,
				760BD5852092AC1E003E8E8A /* Release */,
			);
			defaultConfigurationIsVisible = 0;
			defaultConfigurationName = Release;
		};
/* End XCConfigurationList section */
	};
	rootObject = 760BD54D2092AC1D003E8E8A /* Project object */;
}
